
Microsoft Visual Studio Solution File, Format Version 12.00
# Visual Studio Version 16
VisualStudioVersion = 16.0.29418.71
MinimumVisualStudioVersion = 10.0.40219.1
Project("{FAE04EC0-301F-11D3-BF4B-00C04F79EFBC}") = "BLADE", "BLADE\BLADE.csproj", "{81C0784A-2BA4-4051-884E-1DF29C0EA535}"
EndProject
Global
	GlobalSection(SolutionConfigurationPlatforms) = preSolution
		Debug|Any CPU = Debug|Any CPU
		Release|Any CPU = Release|Any CPU
	EndGlobalSection
	GlobalSection(ProjectConfigurationPlatforms) = postSolution
		{81C0784A-2BA4-4051-884E-1DF29C0EA535}.Debug|Any CPU.ActiveCfg = Debug|Any CPU
		{81C0784A-2BA4-4051-884E-1DF29C0EA535}.Debug|Any CPU.Build.0 = Debug|Any CPU
		{81C0784A-2BA4-4051-884E-1DF29C0EA535}.Release|Any CPU.ActiveCfg = Release|Any CPU
		{81C0784A-2BA4-4051-884E-1DF29C0EA535}.Release|Any CPU.Build.0 = Release|Any CPU
	EndGlobalSection
	GlobalSection(SolutionProperties) = preSolution
		HideSolutionNode = FALSE
	EndGlobalSection
	GlobalSection(ExtensibilityGlobals) = postSolution
		SolutionGuid = {39E5FC5D-29EB-49C2-9E5D-0D2344D20AE6}
	EndGlobalSection
EndGlobal
